
Microsoft Visual Studio Solution File, Format Version 12.00
# Visual Studio Version 17
VisualStudioVersion = 17.5.002.0
MinimumVisualStudioVersion = 10.0.40219.1
Project("{9A19103F-16F7-4668-BE54-9A1E7A4F7556}") = "prprpr25", "prprpr25.csproj", "{6CCBE340-6D03-4577-8650-C3B010F16013}"
EndProject
Global
	GlobalSection(SolutionConfigurationPlatforms) = preSolution
		Debug|Any CPU = Debug|Any CPU
		Release|Any CPU = Release|Any CPU
	EndGlobalSection
	GlobalSection(ProjectConfigurationPlatforms) = postSolution
		{6CCBE340-6D03-4577-8650-C3B010F16013}.Debug|Any CPU.ActiveCfg = Debug|Any CPU
		{6CCBE340-6D03-4577-8650-C3B010F16013}.Debug|Any CPU.Build.0 = Debug|Any CPU
		{6CCBE340-6D03-4577-8650-C3B010F16013}.Release|Any CPU.ActiveCfg = Release|Any CPU
		{6CCBE340-6D03-4577-8650-C3B010F16013}.Release|Any CPU.Build.0 = Release|Any CPU
	EndGlobalSection
	GlobalSection(SolutionProperties) = preSolution
		HideSolutionNode = FALSE
	EndGlobalSection
	GlobalSection(ExtensibilityGlobals) = postSolution
		SolutionGuid = {F1F48248-FD04-42DE-A4DE-E3C89C7C7036}
	EndGlobalSection
EndGlobal
